Microsoft Visual Studio Solution File, Format Version 12.00
# Visual Studio Version 17
VisualStudioVersion = 17.5.2.0
MinimumVisualStudioVersion = 10.0.40219.1
Project("{FAE04EC0-301F-11D3-BF4B-00C04F79EFBC}") = "CSharply", "CSharply.csproj", "{CFEFE380-B1AB-7D16-E73F-8D9936BC5CFF}"
EndProject
Global
	GlobalSection(SolutionConfigurationPlatforms) = preSolution
		Debug|Any CPU = Debug|Any CPU
		Release|Any CPU = Release|Any CPU
	EndGlobalSection
	GlobalSection(ProjectConfigurationPlatforms) = postSolution
		{CFEFE380-B1AB-7D16-E73F-8D9936BC5CFF}.Debug|Any CPU.ActiveCfg = Debug|Any CPU
		{CFEFE380-B1AB-7D16-E73F-8D9936BC5CFF}.Debug|Any CPU.Build.0 = Debug|Any CPU
		{CFEFE380-B1AB-7D16-E73F-8D9936BC5CFF}.Release|Any CPU.ActiveCfg = Release|Any CPU
		{CFEFE380-B1AB-7D16-E73F-8D9936BC5CFF}.Release|Any CPU.Build.0 = Release|Any CPU
	EndGlobalSection
	GlobalSection(SolutionProperties) = preSolution
		HideSolutionNode = FALSE
	EndGlobalSection
	GlobalSection(ExtensibilityGlobals) = postSolution
		SolutionGuid = {78118872-7517-47FC-9D4F-962E14BD7A09}
	EndGlobalSection
EndGlobal
